
Microsoft Visual Studio Solution File, Format Version 12.00
# Visual Studio Version 17
VisualStudioVersion = 17.2.32616.157
MinimumVisualStudioVersion = 10.0.40219.1
Project("{9A19103F-16F7-4668-BE54-9A1E7A4F7556}") = "practice_task18", "practice_task18.csproj", "{42E5E368-9C6B-4622-A096-1196AB0CF593}"
EndProject
Global
	GlobalSection(SolutionConfigurationPlatforms) = preSolution
		Debug|Any CPU = Debug|Any CPU
		Release|Any CPU = Release|Any CPU
	EndGlobalSection
	GlobalSection(ProjectConfigurationPlatforms) = postSolution
		{42E5E368-9C6B-4622-A096-1196AB0CF593}.Debug|Any CPU.ActiveCfg = Debug|Any CPU
		{42E5E368-9C6B-4622-A096-1196AB0CF593}.Debug|Any CPU.Build.0 = Debug|Any CPU
		{42E5E368-9C6B-4622-A096-1196AB0CF593}.Release|Any CPU.ActiveCfg = Release|Any CPU
		{42E5E368-9C6B-4622-A096-1196AB0CF593}.Release|Any CPU.Build.0 = Release|Any CPU
	EndGlobalSection
	GlobalSection(SolutionProperties) = preSolution
		HideSolutionNode = FALSE
	EndGlobalSection
	GlobalSection(ExtensibilityGlobals) = postSolution
		SolutionGuid = {DA37B748-9284-4C72-AE55-D196A3591BDD}
	EndGlobalSection
EndGlobal
